
Microsoft Visual Studio Solution File, Format Version 12.00
# Visual Studio Version 17
VisualStudioVersion = 17.10.35013.160
MinimumVisualStudioVersion = 10.0.40219.1
Project("{FAE04EC0-301F-11D3-BF4B-00C04F79EFBC}") = "Tson", "Tson\Tson.csproj", "{77F2CABC-ABF3-47B5-B5A3-4922FC7B66C4}"
EndProject
Project("{FAE04EC0-301F-11D3-BF4B-00C04F79EFBC}") = "Tson.Tests.Unit", "Tson.Tests.Unit\Tson.Tests.Unit.csproj", "{84C013DD-96D2-4FB1-A722-01AAF3453D17}"
EndProject
Global
	GlobalSection(SolutionConfigurationPlatforms) = preSolution
		Debug|Any CPU = Debug|Any CPU
		Release|Any CPU = Release|Any CPU
	EndGlobalSection
	GlobalSection(ProjectConfigurationPlatforms) = postSolution
		{77F2CABC-ABF3-47B5-B5A3-4922FC7B66C4}.Debug|Any CPU.ActiveCfg = Debug|Any CPU
		{77F2CABC-ABF3-47B5-B5A3-4922FC7B66C4}.Debug|Any CPU.Build.0 = Debug|Any CPU
		{77F2CABC-ABF3-47B5-B5A3-4922FC7B66C4}.Release|Any CPU.ActiveCfg = Release|Any CPU
		{77F2CABC-ABF3-47B5-B5A3-4922FC7B66C4}.Release|Any CPU.Build.0 = Release|Any CPU
		{84C013DD-96D2-4FB1-A722-01AAF3453D17}.Debug|Any CPU.ActiveCfg = Debug|Any CPU
		{84C013DD-96D2-4FB1-A722-01AAF3453D17}.Debug|Any CPU.Build.0 = Debug|Any CPU
		{84C013DD-96D2-4FB1-A722-01AAF3453D17}.Release|Any CPU.ActiveCfg = Release|Any CPU
		{84C013DD-96D2-4FB1-A722-01AAF3453D17}.Release|Any CPU.Build.0 = Release|Any CPU
	EndGlobalSection
	GlobalSection(SolutionProperties) = preSolution
		HideSolutionNode = FALSE
	EndGlobalSection
	GlobalSection(ExtensibilityGlobals) = postSolution
		SolutionGuid = {A136A1AC-64BA-49BA-9B7A-AC78558755B2}
	EndGlobalSection
EndGlobal
